
Microsoft Visual Studio Solution File, Format Version 12.00
# Visual Studio Version 16
VisualStudioVersion = 16.0.31005.135
MinimumVisualStudioVersion = 10.0.40219.1
Project("{8BC9CEB8-8B4A-11D0-8D11-00A0C91BC942}") = "lab3", "lab3\lab3.vcxproj", "{CE27A0FF-C376-4CA8-A996-0117F79337E0}"
EndProject
Project("{8BC9CEB8-8B4A-11D0-8D11-00A0C91BC942}") = "lab3_a", "lab3_a\lab3_a.vcxproj", "{CC4D82BA-B17C-43FD-BB1C-75DA684E9F32}"
EndProject
Project("{8BC9CEB8-8B4A-11D0-8D11-00A0C91BC942}") = "lab3_v", "lab3_v\lab3_v.vcxproj", "{5D090C2D-4793-4BFE-A68E-08A36F7B5AF9}"
EndProject
Project("{8BC9CEB8-8B4A-11D0-8D11-00A0C91BC942}") = "lab3_d", "lab3_d\lab3_d.vcxproj", "{75C67C6A-7AC6-4A6E-917E-D8EAFABEEBAA}"
EndProject
Project("{8BC9CEB8-8B4A-11D0-8D11-00A0C91BC942}") = "lab3_b", "lab3_b\lab3_b.vcxproj", "{D3BD744B-2A21-441E-818A-C0E7EA57558F}"
EndProject
Project("{8BC9CEB8-8B4A-11D0-8D11-00A0C91BC942}") = "lab3_g", "lab3_g\lab3_g.vcxproj", "{F74C42C7-7AC1-4500-8052-A5A0DE2B34DB}"
EndProject
Global
	GlobalSection(SolutionConfigurationPlatforms) = preSolution
		Debug|x64 = Debug|x64
		Debug|x86 = Debug|x86
		Release|x64 = Release|x64
		Release|x86 = Release|x86
	EndGlobalSection
	GlobalSection(ProjectConfigurationPlatforms) = postSolution
		{CE27A0FF-C376-4CA8-A996-0117F79337E0}.Debug|x64.ActiveCfg = Debug|x64
		{CE27A0FF-C376-4CA8-A996-0117F79337E0}.Debug|x64.Build.0 = Debug|x64
		{CE27A0FF-C376-4CA8-A996-0117F79337E0}.Debug|x86.ActiveCfg = Debug|Win32
		{CE27A0FF-C376-4CA8-A996-0117F79337E0}.Debug|x86.Build.0 = Debug|Win32
		{CE27A0FF-C376-4CA8-A996-0117F79337E0}.Release|x64.ActiveCfg = Release|x64
		{CE27A0FF-C376-4CA8-A996-0117F79337E0}.Release|x64.Build.0 = Release|x64
		{CE27A0FF-C376-4CA8-A996-0117F79337E0}.Release|x86.ActiveCfg = Release|Win32
		{CE27A0FF-C376-4CA8-A996-0117F79337E0}.Release|x86.Build.0 = Release|Win32
		{CC4D82BA-B17C-43FD-BB1C-75DA684E9F32}.Debug|x64.ActiveCfg = Debug|x64
		{CC4D82BA-B17C-43FD-BB1C-75DA684E9F32}.Debug|x64.Build.0 = Debug|x64
		{CC4D82BA-B17C-43FD-BB1C-75DA684E9F32}.Debug|x86.ActiveCfg = Debug|Win32
		{CC4D82BA-B17C-43FD-BB1C-75DA684E9F32}.Debug|x86.Build.0 = Debug|Win32
		{CC4D82BA-B17C-43FD-BB1C-75DA684E9F32}.Release|x64.ActiveCfg = Release|x64
		{CC4D82BA-B17C-43FD-BB1C-75DA684E9F32}.Release|x64.Build.0 = Release|x64
		{CC4D82BA-B17C-43FD-BB1C-75DA684E9F32}.Release|x86.ActiveCfg = Release|Win32
		{CC4D82BA-B17C-43FD-BB1C-75DA684E9F32}.Release|x86.Build.0 = Release|Win32
		{5D090C2D-4793-4BFE-A68E-08A36F7B5AF9}.Debug|x64.ActiveCfg = Debug|x64
		{5D090C2D-4793-4BFE-A68E-08A36F7B5AF9}.Debug|x64.Build.0 = Debug|x64
		{5D090C2D-4793-4BFE-A68E-08A36F7B5AF9}.Debug|x86.ActiveCfg = Debug|Win32
		{5D090C2D-4793-4BFE-A68E-08A36F7B5AF9}.Debug|x86.Build.0 = Debug|Win32
		{5D090C2D-4793-4BFE-A68E-08A36F7B5AF9}.Release|x64.ActiveCfg = Release|x64
		{5D090C2D-4793-4BFE-A68E-08A36F7B5AF9}.Release|x64.Build.0 = Release|x64
		{5D090C2D-4793-4BFE-A68E-08A36F7B5AF9}.Release|x86.ActiveCfg = Release|Win32
		{5D090C2D-4793-4BFE-A68E-08A36F7B5AF9}.Release|x86.Build.0 = Release|Win32
		{75C67C6A-7AC6-4A6E-917E-D8EAFABEEBAA}.Debug|x64.ActiveCfg = Debug|x64
		{75C67C6A-7AC6-4A6E-917E-D8EAFABEEBAA}.Debug|x64.Build.0 = Debug|x64
		{75C67C6A-7AC6-4A6E-917E-D8EAFABEEBAA}.Debug|x86.ActiveCfg = Debug|Win32
		{75C67C6A-7AC6-4A6E-917E-D8EAFABEEBAA}.Debug|x86.Build.0 = Debug|Win32
		{75C67C6A-7AC6-4A6E-917E-D8EAFABEEBAA}.Release|x64.ActiveCfg = Release|x64
		{75C67C6A-7AC6-4A6E-917E-D8EAFABEEBAA}.Release|x64.Build.0 = Release|x64
		{75C67C6A-7AC6-4A6E-917E-D8EAFABEEBAA}.Release|x86.ActiveCfg = Release|Win32
		{75C67C6A-7AC6-4A6E-917E-D8EAFABEEBAA}.Release|x86.Build.0 = Release|Win32
		{D3BD744B-2A21-441E-818A-C0E7EA57558F}.Debug|x64.ActiveCfg = Debug|x64
		{D3BD744B-2A21-441E-818A-C0E7EA57558F}.Debug|x64.Build.0 = Debug|x64
		{D3BD744B-2A21-441E-818A-C0E7EA57558F}.Debug|x86.ActiveCfg = Debug|Win32
		{D3BD744B-2A21-441E-818A-C0E7EA57558F}.Debug|x86.Build.0 = Debug|Win32
		{D3BD744B-2A21-441E-818A-C0E7EA57558F}.Release|x64.ActiveCfg = Release|x64
		{D3BD744B-2A21-441E-818A-C0E7EA57558F}.Release|x64.Build.0 = Release|x64
		{D3BD744B-2A21-441E-818A-C0E7EA57558F}.Release|x86.ActiveCfg = Release|Win32
		{D3BD744B-2A21-441E-818A-C0E7EA57558F}.Release|x86.Build.0 = Release|Win32
		{F74C42C7-7AC1-4500-8052-A5A0DE2B34DB}.Debug|x64.ActiveCfg = Debug|x64
		{F74C42C7-7AC1-4500-8052-A5A0DE2B34DB}.Debug|x64.Build.0 = Debug|x64
		{F74C42C7-7AC1-4500-8052-A5A0DE2B34DB}.Debug|x86.ActiveCfg = Debug|Win32
		{F74C42C7-7AC1-4500-8052-A5A0DE2B34DB}.Debug|x86.Build.0 = Debug|Win32
		{F74C42C7-7AC1-4500-8052-A5A0DE2B34DB}.Release|x64.ActiveCfg = Release|x64
		{F74C42C7-7AC1-4500-8052-A5A0DE2B34DB}.Release|x64.Build.0 = Release|x64
		{F74C42C7-7AC1-4500-8052-A5A0DE2B34DB}.Release|x86.ActiveCfg = Release|Win32
		{F74C42C7-7AC1-4500-8052-A5A0DE2B34DB}.Release|x86.Build.0 = Release|Win32
	EndGlobalSection
	GlobalSection(SolutionProperties) = preSolution
		HideSolutionNode = FALSE
	EndGlobalSection
	GlobalSection(ExtensibilityGlobals) = postSolution
		SolutionGuid = {BDB94533-5EBB-4E0E-BA99-A6B01042594A}
	EndGlobalSection
EndGlobal
